
Microsoft Visual Studio Solution File, Format Version 12.00
# Visual Studio Version 16
VisualStudioVersion = 16.0.30114.105
MinimumVisualStudioVersion = 10.0.40219.1
Project("{9A19103F-16F7-4668-BE54-9A1E7A4F7556}") = "WeatherForecast", "WeatherForecast.csproj", "{C37F12F9-B332-490F-BD92-AC6769ADB191}"
EndProject
Project("{2150E333-8FDC-42A3-9474-1A3956D46DE8}") = "Solution Items", "Solution Items", "{32F222FA-B838-496E-B12C-D2535AB2CE36}"
	ProjectSection(SolutionItems) = preProject
		.editorconfig = .editorconfig
	EndProjectSection
EndProject
Global
	GlobalSection(SolutionConfigurationPlatforms) = preSolution
		Debug|Any CPU = Debug|Any CPU
		Release|Any CPU = Release|Any CPU
	EndGlobalSection
	GlobalSection(ProjectConfigurationPlatforms) = postSolution
		{C37F12F9-B332-490F-BD92-AC6769ADB191}.Debug|Any CPU.ActiveCfg = Debug|Any CPU
		{C37F12F9-B332-490F-BD92-AC6769ADB191}.Debug|Any CPU.Build.0 = Debug|Any CPU
		{C37F12F9-B332-490F-BD92-AC6769ADB191}.Release|Any CPU.ActiveCfg = Release|Any CPU
		{C37F12F9-B332-490F-BD92-AC6769ADB191}.Release|Any CPU.Build.0 = Release|Any CPU
	EndGlobalSection
	GlobalSection(SolutionProperties) = preSolution
		HideSolutionNode = FALSE
	EndGlobalSection
	GlobalSection(ExtensibilityGlobals) = postSolution
		SolutionGuid = {0D11DD9C-A6E9-49C9-BDE0-DFD83D8B9A5C}
	EndGlobalSection
EndGlobal
